
Microsoft Visual Studio Solution File, Format Version 12.00
# Visual Studio 15
VisualStudioVersion = 15.0.27004.2008
MinimumVisualStudioVersion = 10.0.40219.1
Project("{FAE04EC0-301F-11D3-BF4B-00C04F79EFBC}") = "v2rayP", "v2rayP\v2rayP.csproj", "{83E02AAE-7219-43E4-BBB5-A2E36A3E43C0}"
EndProject
Project("{FAE04EC0-301F-11D3-BF4B-00C04F79EFBC}") = "v2rayPTests", "v2rayPTests\v2rayPTests.csproj", "{58C3EF18-7365-4CF3-90FA-9D0E49204DAF}"
EndProject
Global
	GlobalSection(SolutionConfigurationPlatforms) = preSolution
		Debug|Any CPU = Debug|Any CPU
		Release|Any CPU = Release|Any CPU
	EndGlobalSection
	GlobalSection(ProjectConfigurationPlatforms) = postSolution
		{83E02AAE-7219-43E4-BBB5-A2E36A3E43C0}.Debug|Any CPU.ActiveCfg = Debug|Any CPU
		{83E02AAE-7219-43E4-BBB5-A2E36A3E43C0}.Debug|Any CPU.Build.0 = Debug|Any CPU
		{83E02AAE-7219-43E4-BBB5-A2E36A3E43C0}.Release|Any CPU.ActiveCfg = Release|Any CPU
		{83E02AAE-7219-43E4-BBB5-A2E36A3E43C0}.Release|Any CPU.Build.0 = Release|Any CPU
		{58C3EF18-7365-4CF3-90FA-9D0E49204DAF}.Debug|Any CPU.ActiveCfg = Debug|Any CPU
		{58C3EF18-7365-4CF3-90FA-9D0E49204DAF}.Debug|Any CPU.Build.0 = Debug|Any CPU
		{58C3EF18-7365-4CF3-90FA-9D0E49204DAF}.Release|Any CPU.ActiveCfg = Release|Any CPU
		{58C3EF18-7365-4CF3-90FA-9D0E49204DAF}.Release|Any CPU.Build.0 = Release|Any CPU
	EndGlobalSection
	GlobalSection(SolutionProperties) = preSolution
		HideSolutionNode = FALSE
	EndGlobalSection
	GlobalSection(ExtensibilityGlobals) = postSolution
		SolutionGuid = {25D78DE2-7166-47EB-AD25-F96109368080}
	EndGlobalSection
EndGlobal
